
Microsoft Visual Studio Solution File, Format Version 12.00
# Visual Studio Version 17
VisualStudioVersion = 17.2.32519.379
MinimumVisualStudioVersion = 10.0.40219.1
Project("{FAE04EC0-301F-11D3-BF4B-00C04F79EFBC}") = "Day1", "Day1\Day1.csproj", "{0DE9B7D6-0EE8-445A-B137-5EEC5910AE46}"
EndProject
Global
	GlobalSection(SolutionConfigurationPlatforms) = preSolution
		Debug|Any CPU = Debug|Any CPU
		Release|Any CPU = Release|Any CPU
	EndGlobalSection
	GlobalSection(ProjectConfigurationPlatforms) = postSolution
		{0DE9B7D6-0EE8-445A-B137-5EEC5910AE46}.Debug|Any CPU.ActiveCfg = Debug|Any CPU
		{0DE9B7D6-0EE8-445A-B137-5EEC5910AE46}.Debug|Any CPU.Build.0 = Debug|Any CPU
		{0DE9B7D6-0EE8-445A-B137-5EEC5910AE46}.Release|Any CPU.ActiveCfg = Release|Any CPU
		{0DE9B7D6-0EE8-445A-B137-5EEC5910AE46}.Release|Any CPU.Build.0 = Release|Any CPU
	EndGlobalSection
	GlobalSection(SolutionProperties) = preSolution
		HideSolutionNode = FALSE
	EndGlobalSection
	GlobalSection(ExtensibilityGlobals) = postSolution
		SolutionGuid = {747335DD-D1D2-476F-B03F-B2853515D0C3}
	EndGlobalSection
EndGlobal
